
Microsoft Visual Studio Solution File, Format Version 12.00
# Visual Studio Version 17
VisualStudioVersion = 17.6.33723.286
MinimumVisualStudioVersion = 10.0.40219.1
Project("{9092AA53-FB77-4645-B42D-1CCCA6BD08BD}") = "SCUMChatMonitor", "SCUMChatMonitor\SCUMChatMonitor.njsproj", "{6EE83EE6-74B0-4CF2-84D9-4694FCD9EC98}"
EndProject
Global
	GlobalSection(SolutionConfigurationPlatforms) = preSolution
		Debug|Any CPU = Debug|Any CPU
		Release|Any CPU = Release|Any CPU
	EndGlobalSection
	GlobalSection(ProjectConfigurationPlatforms) = postSolution
		{6EE83EE6-74B0-4CF2-84D9-4694FCD9EC98}.Debug|Any CPU.ActiveCfg = Debug|Any CPU
		{6EE83EE6-74B0-4CF2-84D9-4694FCD9EC98}.Debug|Any CPU.Build.0 = Debug|Any CPU
		{6EE83EE6-74B0-4CF2-84D9-4694FCD9EC98}.Release|Any CPU.ActiveCfg = Release|Any CPU
		{6EE83EE6-74B0-4CF2-84D9-4694FCD9EC98}.Release|Any CPU.Build.0 = Release|Any CPU
	EndGlobalSection
	GlobalSection(SolutionProperties) = preSolution
		HideSolutionNode = FALSE
	EndGlobalSection
	GlobalSection(ExtensibilityGlobals) = postSolution
		SolutionGuid = {7A6D3785-B4B0-4871-B64F-815E7CCDB4F6}
	EndGlobalSection
EndGlobal
